// !$*UTF8*$!
{
	archiveVersion = 1;
	classes = {
	};
	objectVersion = 52;
	objects = {

/* Begin PBXBuildFile section */
		8413B27125B5AC71006E6F9F /* BriefApp.swift in Sources */ = {isa = PBXBuildFile; fileRef = 8413B27025B5AC71006E6F9F /* BriefApp.swift */; };
		8413B27325B5AC71006E6F9F /* ContentView.swift in Sources */ = {isa = PBXBuildFile; fileRef = 8413B27225B5AC71006E6F9F /* ContentView.swift */; };
		8413B27525B5AC75006E6F9F /* Assets.xcassets in Resources */ = {isa = PBXBuildFile; fileRef = 8413B27425B5AC75006E6F9F /* Assets.xcassets */; };
		8413B27825B5AC75006E6F9F /* Preview Assets.xcassets in Resources */ = {isa = PBXBuildFile; fileRef = 8413B27725B5AC75006E6F9F /* Preview Assets.xcassets */; };
		8413B28F25B5AC76006E6F9F /* BriefUITests.swift in Sources */ = {isa = PBXBuildFile; fileRef = 8413B28E25B5AC76006E6F9F /* BriefUITests.swift */; };
		84C058E025DBDC0500019395 /* Summarizer.swift in Sources */ = {isa = PBXBuildFile; fileRef = 84C058DF25DBDC0500019395 /* Summarizer.swift */; };
		84DDF19225DA8C3D005E1864 /* Logging.swift in Sources */ = {isa = PBXBuildFile; fileRef = 84DDF19125DA8C3D005E1864 /* Logging.swift */; };
		84DDF19725DA9310005E1864 /* Colors.swift in Sources */ = {isa = PBXBuildFile; fileRef = 84DDF19625DA9310005E1864 /* Colors.swift */; };
		84FBC1AE25DBDD8D0076E14E /* TextRank in Frameworks */ = {isa = PBXBuildFile; productRef = 84FBC1AD25DBDD8D0076E14E /* TextRank */; };
		84FBC1C025DBE4B40076E14E /* SummarizerTests.swift in Sources */ = {isa = PBXBuildFile; fileRef = 84FBC1BF25DBE4B40076E14E /* SummarizerTests.swift */; };
/* End PBXBuildFile section */

/* Begin PBXContainerItemProxy section */
		8413B28025B5AC76006E6F9F /* PBXContainerItemProxy */ = {
			isa = PBXContainerItemProxy;
			containerPortal = 8413B26525B5AC71006E6F9F /* Project object */;
			proxyType = 1;
			remoteGlobalIDString = 8413B26C25B5AC71006E6F9F;
			remoteInfo = Brief;
		};
		8413B28B25B5AC76006E6F9F /* PBXContainerItemProxy */ = {
			isa = PBXContainerItemProxy;
			containerPortal = 8413B26525B5AC71006E6F9F /* Project object */;
			proxyType = 1;
			remoteGlobalIDString = 8413B26C25B5AC71006E6F9F;
			remoteInfo = Brief;
		};
/* End PBXContainerItemProxy section */

/* Begin PBXFileReference section */
		8413B26D25B5AC71006E6F9F /* Brief.app */ = {isa = PBXFileReference; explicitFileType = wrapper.application; includeInIndex = 0; path = Brief.app; sourceTree = BUILT_PRODUCTS_DIR; };
		8413B27025B5AC71006E6F9F /* BriefApp.swift */ = {isa = PBXFileReference; lastKnownFileType = sourcecode.swift; path = BriefApp.swift; sourceTree = "<group>"; };
		8413B27225B5AC71006E6F9F /* ContentView.swift */ = {isa = PBXFileReference; lastKnownFileType = sourcecode.swift; path = ContentView.swift; sourceTree = "<group>"; };
		8413B27425B5AC75006E6F9F /* Assets.xcassets */ = {isa = PBXFileReference; lastKnownFileType = folder.assetcatalog; path = Assets.xcassets; sourceTree = "<group>"; };
		8413B27725B5AC75006E6F9F /* Preview Assets.xcassets */ = {isa = PBXFileReference; lastKnownFileType = folder.assetcatalog; path = "Preview Assets.xcassets"; sourceTree = "<group>"; };
		8413B27925B5AC75006E6F9F /* Info.plist */ = {isa = PBXFileReference; lastKnownFileType = text.plist.xml; path = Info.plist; sourceTree = "<group>"; };
		8413B27A25B5AC75006E6F9F /* Brief.entitlements */ = {isa = PBXFileReference; lastKnownFileType = text.plist.entitlements; path = Brief.entitlements; sourceTree = "<group>"; };
		8413B27F25B5AC76006E6F9F /* BriefTests.xctest */ = {isa = PBXFileReference; explicitFileType = wrapper.cfbundle; includeInIndex = 0; path = BriefTests.xctest; sourceTree = BUILT_PRODUCTS_DIR; };
		8413B28525B5AC76006E6F9F /* Info.plist */ = {isa = PBXFileReference; lastKnownFileType = text.plist.xml; path = Info.plist; sourceTree = "<group>"; };
		8413B28A25B5AC76006E6F9F /* BriefUITests.xctest */ = {isa = PBXFileReference; explicitFileType = wrapper.cfbundle; includeInIndex = 0; path = BriefUITests.xctest; sourceTree = BUILT_PRODUCTS_DIR; };
		8413B28E25B5AC76006E6F9F /* BriefUITests.swift */ = {isa = PBXFileReference; lastKnownFileType = sourcecode.swift; path = BriefUITests.swift; sourceTree = "<group>"; };
		8413B29025B5AC76006E6F9F /* Info.plist */ = {isa = PBXFileReference; lastKnownFileType = text.plist.xml; path = Info.plist; sourceTree = "<group>"; };
		84C058DF25DBDC0500019395 /* Summarizer.swift */ = {isa = PBXFileReference; lastKnownFileType = sourcecode.swift; path = Summarizer.swift; sourceTree = "<group>"; };
		84DDF19125DA8C3D005E1864 /* Logging.swift */ = {isa = PBXFileReference; lastKnownFileType = sourcecode.swift; path = Logging.swift; sourceTree = "<group>"; };
		84DDF19625DA9310005E1864 /* Colors.swift */ = {isa = PBXFileReference; lastKnownFileType = sourcecode.swift; path = Colors.swift; sourceTree = "<group>"; };
		84FBC1B825DBDEEC0076E14E /* TextRank */ = {isa = PBXFileReference; lastKnownFileType = folder; name = TextRank; path = ../TextRank; sourceTree = "<group>"; };
		84FBC1BF25DBE4B40076E14E /* SummarizerTests.swift */ = {isa = PBXFileReference; lastKnownFileType = sourcecode.swift; path = SummarizerTests.swift; sourceTree = "<group>"; };
/* End PBXFileReference section */

/* Begin PBXFrameworksBuildPhase section */
		8413B26A25B5AC71006E6F9F /* Frameworks */ = {
			isa = PBXFrameworksBuildPhase;
			buildActionMask = 2147483647;
			files = (
				84FBC1AE25DBDD8D0076E14E /* TextRank in Frameworks */,
			);
			runOnlyForDeploymentPostprocessing = 0;
		};
		8413B27C25B5AC76006E6F9F /* Frameworks */ = {
			isa = PBXFrameworksBuildPhase;
			buildActionMask = 2147483647;
			files = (
			);
			runOnlyForDeploymentPostprocessing = 0;
		};
		8413B28725B5AC76006E6F9F /* Frameworks */ = {
			isa = PBXFrameworksBuildPhase;
			buildActionMask = 2147483647;
			files = (
			);
			runOnlyForDeploymentPostprocessing = 0;
		};
/* End PBXFrameworksBuildPhase section */

/* Begin PBXGroup section */
		8413B26425B5AC71006E6F9F = {
			isa = PBXGroup;
			children = (
				84FBC1B825DBDEEC0076E14E /* TextRank */,
				8413B26F25B5AC71006E6F9F /* Brief */,
				8413B28225B5AC76006E6F9F /* BriefTests */,
				8413B28D25B5AC76006E6F9F /* BriefUITests */,
				8413B26E25B5AC71006E6F9F /* Products */,
			);
			sourceTree = "<group>";
		};
		8413B26E25B5AC71006E6F9F /* Products */ = {
			isa = PBXGroup;
			children = (
				8413B26D25B5AC71006E6F9F /* Brief.app */,
				8413B27F25B5AC76006E6F9F /* BriefTests.xctest */,
				8413B28A25B5AC76006E6F9F /* BriefUITests.xctest */,
			);
			name = Products;
			sourceTree = "<group>";
		};
		8413B26F25B5AC71006E6F9F /* Brief */ = {
			isa = PBXGroup;
			children = (
				8413B27025B5AC71006E6F9F /* BriefApp.swift */,
				84C058D925DBDAFF00019395 /* General */,
				84C058D825DBDAE600019395 /* Views */,
				84C058DA25DBDB2300019395 /* Models */,
				8413B27925B5AC75006E6F9F /* Info.plist */,
				8413B27425B5AC75006E6F9F /* Assets.xcassets */,
				8413B27A25B5AC75006E6F9F /* Brief.entitlements */,
				8413B27625B5AC75006E6F9F /* Preview Content */,
			);
			path = Brief;
			sourceTree = "<group>";
		};
		8413B27625B5AC75006E6F9F /* Preview Content */ = {
			isa = PBXGroup;
			children = (
				8413B27725B5AC75006E6F9F /* Preview Assets.xcassets */,
			);
			path = "Preview Content";
			sourceTree = "<group>";
		};
		8413B28225B5AC76006E6F9F /* BriefTests */ = {
			isa = PBXGroup;
			children = (
				8413B28525B5AC76006E6F9F /* Info.plist */,
				84FBC1BF25DBE4B40076E14E /* SummarizerTests.swift */,
			);
			path = BriefTests;
			sourceTree = "<group>";
		};
		8413B28D25B5AC76006E6F9F /* BriefUITests */ = {
			isa = PBXGroup;
			children = (
				8413B28E25B5AC76006E6F9F /* BriefUITests.swift */,
				8413B29025B5AC76006E6F9F /* Info.plist */,
			);
			path = BriefUITests;
			sourceTree = "<group>";
		};
		84C058D825DBDAE600019395 /* Views */ = {
			isa = PBXGroup;
			children = (
				8413B27225B5AC71006E6F9F /* ContentView.swift */,
			);
			path = Views;
			sourceTree = "<group>";
		};
		84C058D925DBDAFF00019395 /* General */ = {
			isa = PBXGroup;
			children = (
				84DDF19625DA9310005E1864 /* Colors.swift */,
				84DDF19125DA8C3D005E1864 /* Logging.swift */,
			);
			path = General;
			sourceTree = "<group>";
		};
		84C058DA25DBDB2300019395 /* Models */ = {
			isa = PBXGroup;
			children = (
				84C058DF25DBDC0500019395 /* Summarizer.swift */,
			);
			path = Models;
			sourceTree = "<group>";
		};
/* End PBXGroup section */

/* Begin PBXNativeTarget section */
		8413B26C25B5AC71006E6F9F /* Brief */ = {
			isa = PBXNativeTarget;
			buildConfigurationList = 8413B29325B5AC76006E6F9F /* Build configuration list for PBXNativeTarget "Brief" */;
			buildPhases = (
				8413B26925B5AC71006E6F9F /* Sources */,
				8413B26A25B5AC71006E6F9F /* Frameworks */,
				8413B26B25B5AC71006E6F9F /* Resources */,
			);
			buildRules = (
			);
			dependencies = (
			);
			name = Brief;
			packageProductDependencies = (
				84FBC1AD25DBDD8D0076E14E /* TextRank */,
			);
			productName = Brief;
			productReference = 8413B26D25B5AC71006E6F9F /* Brief.app */;
			productType = "com.apple.product-type.application";
		};
		8413B27E25B5AC76006E6F9F /* BriefTests */ = {
			isa = PBXNativeTarget;
			buildConfigurationList = 8413B29625B5AC76006E6F9F /* Build configuration list for PBXNativeTarget "BriefTests" */;
			buildPhases = (
				8413B27B25B5AC76006E6F9F /* Sources */,
				8413B27C25B5AC76006E6F9F /* Frameworks */,
				8413B27D25B5AC76006E6F9F /* Resources */,
			);
			buildRules = (
			);
			dependencies = (
				8413B28125B5AC76006E6F9F /* PBXTargetDependency */,
			);
			name = BriefTests;
			productName = BriefTests;
			productReference = 8413B27F25B5AC76006E6F9F /* BriefTests.xctest */;
			productType = "com.apple.product-type.bundle.unit-test";
		};
		8413B28925B5AC76006E6F9F /* BriefUITests */ = {
			isa = PBXNativeTarget;
			buildConfigurationList = 8413B29925B5AC76006E6F9F /* Build configuration list for PBXNativeTarget "BriefUITests" */;
			buildPhases = (
				8413B28625B5AC76006E6F9F /* Sources */,
				8413B28725B5AC76006E6F9F /* Frameworks */,
				8413B28825B5AC76006E6F9F /* Resources */,
			);
			buildRules = (
			);
			dependencies = (
				8413B28C25B5AC76006E6F9F /* PBXTargetDependency */,
			);
			name = BriefUITests;
			productName = BriefUITests;
			productReference = 8413B28A25B5AC76006E6F9F /* BriefUITests.xctest */;
			productType = "com.apple.product-type.bundle.ui-testing";
		};
/* End PBXNativeTarget section */

/* Begin PBXProject section */
		8413B26525B5AC71006E6F9F /* Project object */ = {
			isa = PBXProject;
			attributes = {
				LastSwiftUpdateCheck = 1230;
				LastUpgradeCheck = 1240;
				TargetAttributes = {
					8413B26C25B5AC71006E6F9F = {
						CreatedOnToolsVersion = 12.3;
					};
					8413B27E25B5AC76006E6F9F = {
						CreatedOnToolsVersion = 12.3;
						TestTargetID = 8413B26C25B5AC71006E6F9F;
					};
					8413B28925B5AC76006E6F9F = {
						CreatedOnToolsVersion = 12.3;
						TestTargetID = 8413B26C25B5AC71006E6F9F;
					};
				};
			};
			buildConfigurationList = 8413B26825B5AC71006E6F9F /* Build configuration list for PBXProject "Brief" */;
			compatibilityVersion = "Xcode 9.3";
			developmentRegion = en;
			hasScannedForEncodings = 0;
			knownRegions = (
				en,
				Base,
			);
			mainGroup = 8413B26425B5AC71006E6F9F;
			packageReferences = (
				84FBC1AC25DBDD8D0076E14E /* XCRemoteSwiftPackageReference "TextRank" */,
			);
			productRefGroup = 8413B26E25B5AC71006E6F9F /* Products */;
			projectDirPath = "";
			projectRoot = "";
			targets = (
				8413B26C25B5AC71006E6F9F /* Brief */,
				8413B27E25B5AC76006E6F9F /* BriefTests */,
				8413B28925B5AC76006E6F9F /* BriefUITests */,
			);
		};
/* End PBXProject section */

/* Begin PBXResourcesBuildPhase section */
		8413B26B25B5AC71006E6F9F /* Resources */ = {
			isa = PBXResourcesBuildPhase;
			buildActionMask = 2147483647;
			files = (
				8413B27825B5AC75006E6F9F /* Preview Assets.xcassets in Resources */,
				8413B27525B5AC75006E6F9F /* Assets.xcassets in Resources */,
			);
			runOnlyForDeploymentPostprocessing = 0;
		};
		8413B27D25B5AC76006E6F9F /* Resources */ = {
			isa = PBXResourcesBuildPhase;
			buildActionMask = 2147483647;
			files = (
			);
			runOnlyForDeploymentPostprocessing = 0;
		};
		8413B28825B5AC76006E6F9F /* Resources */ = {
			isa = PBXResourcesBuildPhase;
			buildActionMask = 2147483647;
			files = (
			);
			runOnlyForDeploymentPostprocessing = 0;
		};
/* End PBXResourcesBuildPhase section */

/* Begin PBXSourcesBuildPhase section */
		8413B26925B5AC71006E6F9F /* Sources */ = {
			isa = PBXSourcesBuildPhase;
			buildActionMask = 2147483647;
			files = (
				8413B27325B5AC71006E6F9F /* ContentView.swift in Sources */,
				84DDF19725DA9310005E1864 /* Colors.swift in Sources */,
				84DDF19225DA8C3D005E1864 /* Logging.swift in Sources */,
				84C058E025DBDC0500019395 /* Summarizer.swift in Sources */,
				8413B27125B5AC71006E6F9F /* BriefApp.swift in Sources */,
			);
			runOnlyForDeploymentPostprocessing = 0;
		};
		8413B27B25B5AC76006E6F9F /* Sources */ = {
			isa = PBXSourcesBuildPhase;
			buildActionMask = 2147483647;
			files = (
				84FBC1C025DBE4B40076E14E /* SummarizerTests.swift in Sources */,
			);
			runOnlyForDeploymentPostprocessing = 0;
		};
		8413B28625B5AC76006E6F9F /* Sources */ = {
			isa = PBXSourcesBuildPhase;
			buildActionMask = 2147483647;
			files = (
				8413B28F25B5AC76006E6F9F /* BriefUITests.swift in Sources */,
			);
			runOnlyForDeploymentPostprocessing = 0;
		};
/* End PBXSourcesBuildPhase section */

/* Begin PBXTargetDependency section */
		8413B28125B5AC76006E6F9F /* PBXTargetDependency */ = {
			isa = PBXTargetDependency;
			target = 8413B26C25B5AC71006E6F9F /* Brief */;
			targetProxy = 8413B28025B5AC76006E6F9F /* PBXContainerItemProxy */;
		};
		8413B28C25B5AC76006E6F9F /* PBXTargetDependency */ = {
			isa = PBXTargetDependency;
			target = 8413B26C25B5AC71006E6F9F /* Brief */;
			targetProxy = 8413B28B25B5AC76006E6F9F /* PBXContainerItemProxy */;
		};
/* End PBXTargetDependency section */

/* Begin XCBuildConfiguration section */
		8413B29125B5AC76006E6F9F /* Debug */ = {
			isa = XCBuildConfiguration;
			buildSettings = {
				ALWAYS_SEARCH_USER_PATHS = NO;
				CLANG_ANALYZER_NONNULL = YES;
				CLANG_ANALYZER_NUMBER_OBJECT_CONVERSION = YES_AGGRESSIVE;
				CLANG_CXX_LANGUAGE_STANDARD = "gnu++14";
				CLANG_CXX_LIBRARY = "libc++";
				CLANG_ENABLE_MODULES = YES;
				CLANG_ENABLE_OBJC_ARC = YES;
				CLANG_ENABLE_OBJC_WEAK = YES;
				CLANG_WARN_BLOCK_CAPTURE_AUTORELEASING = YES;
				CLANG_WARN_BOOL_CONVERSION = YES;
				CLANG_WARN_COMMA = YES;
				CLANG_WARN_CONSTANT_CONVERSION = YES;
				CLANG_WARN_DEPRECATED_OBJC_IMPLEMENTATIONS = YES;
				CLANG_WARN_DIRECT_OBJC_ISA_USAGE = YES_ERROR;
				CLANG_WARN_DOCUMENTATION_COMMENTS = YES;
				CLANG_WARN_EMPTY_BODY = YES;
				CLANG_WARN_ENUM_CONVERSION = YES;
				CLANG_WARN_INFINITE_RECURSION = YES;
				CLANG_WARN_INT_CONVERSION = YES;
				CLANG_WARN_NON_LITERAL_NULL_CONVERSION = YES;
				CLANG_WARN_OBJC_IMPLICIT_RETAIN_SELF = YES;
				CLANG_WARN_OBJC_LITERAL_CONVERSION = YES;
				CLANG_WARN_OBJC_ROOT_CLASS = YES_ERROR;
				CLANG_WARN_QUOTED_INCLUDE_IN_FRAMEWORK_HEADER = YES;
				CLANG_WARN_RANGE_LOOP_ANALYSIS = YES;
				CLANG_WARN_STRICT_PROTOTYPES = YES;
				CLANG_WARN_SUSPICIOUS_MOVE = YES;
				CLANG_WARN_UNGUARDED_AVAILABILITY = YES_AGGRESSIVE;
				CLANG_WARN_UNREACHABLE_CODE = YES;
				CLANG_WARN__DUPLICATE_METHOD_MATCH = YES;
				COPY_PHASE_STRIP = NO;
				DEBUG_INFORMATION_FORMAT = dwarf;
				ENABLE_STRICT_OBJC_MSGSEND = YES;
				ENABLE_TESTABILITY = YES;
				GCC_C_LANGUAGE_STANDARD = gnu11;
				GCC_DYNAMIC_NO_PIC = NO;
				GCC_NO_COMMON_BLOCKS = YES;
				GCC_OPTIMIZATION_LEVEL = 0;
				GCC_PREPROCESSOR_DEFINITIONS = (
					"DEBUG=1",
					"$(inherited)",
				);
				GCC_WARN_64_TO_32_BIT_CONVERSION = YES;
				GCC_WARN_ABOUT_RETURN_TYPE = YES_ERROR;
				GCC_WARN_UNDECLARED_SELECTOR = YES;
				GCC_WARN_UNINITIALIZED_AUTOS = YES_AGGRESSIVE;
				GCC_WARN_UNUSED_FUNCTION = YES;
				GCC_WARN_UNUSED_VARIABLE = YES;
				MACOSX_DEPLOYMENT_TARGET = 11.0;
				MTL_ENABLE_DEBUG_INFO = INCLUDE_SOURCE;
				MTL_FAST_MATH = YES;
				ONLY_ACTIVE_ARCH = YES;
				SDKROOT = macosx;
				SWIFT_ACTIVE_COMPILATION_CONDITIONS = DEBUG;
				SWIFT_OPTIMIZATION_LEVEL = "-Onone";
			};
			name = Debug;
		};
		8413B29225B5AC76006E6F9F /* Release */ = {
			isa = XCBuildConfiguration;
			buildSettings = {
				ALWAYS_SEARCH_USER_PATHS = NO;
				CLANG_ANALYZER_NONNULL = YES;
				CLANG_ANALYZER_NUMBER_OBJECT_CONVERSION = YES_AGGRESSIVE;
				CLANG_CXX_LANGUAGE_STANDARD = "gnu++14";
				CLANG_CXX_LIBRARY = "libc++";
				CLANG_ENABLE_MODULES = YES;
				CLANG_ENABLE_OBJC_ARC = YES;
				CLANG_ENABLE_OBJC_WEAK = YES;
				CLANG_WARN_BLOCK_CAPTURE_AUTORELEASING = YES;
				CLANG_WARN_BOOL_CONVERSION = YES;
				CLANG_WARN_COMMA = YES;
				CLANG_WARN_CONSTANT_CONVERSION = YES;
				CLANG_WARN_DEPRECATED_OBJC_IMPLEMENTATIONS = YES;
				CLANG_WARN_DIRECT_OBJC_ISA_USAGE = YES_ERROR;
				CLANG_WARN_DOCUMENTATION_COMMENTS = YES;
				CLANG_WARN_EMPTY_BODY = YES;
				CLANG_WARN_ENUM_CONVERSION = YES;
				CLANG_WARN_INFINITE_RECURSION = YES;
				CLANG_WARN_INT_CONVERSION = YES;
				CLANG_WARN_NON_LITERAL_NULL_CONVERSION = YES;
				CLANG_WARN_OBJC_IMPLICIT_RETAIN_SELF = YES;
				CLANG_WARN_OBJC_LITERAL_CONVERSION = YES;
				CLANG_WARN_OBJC_ROOT_CLASS = YES_ERROR;
				CLANG_WARN_QUOTED_INCLUDE_IN_FRAMEWORK_HEADER = YES;
				CLANG_WARN_RANGE_LOOP_ANALYSIS = YES;
				CLANG_WARN_STRICT_PROTOTYPES = YES;
				CLANG_WARN_SUSPICIOUS_MOVE = YES;
				CLANG_WARN_UNGUARDED_AVAILABILITY = YES_AGGRESSIVE;
				CLANG_WARN_UNREACHABLE_CODE = YES;
				CLANG_WARN__DUPLICATE_METHOD_MATCH = YES;
				COPY_PHASE_STRIP = NO;
				DEBUG_INFORMATION_FORMAT = "dwarf-with-dsym";
				ENABLE_NS_ASSERTIONS = NO;
				ENABLE_STRICT_OBJC_MSGSEND = YES;
				GCC_C_LANGUAGE_STANDARD = gnu11;
				GCC_NO_COMMON_BLOCKS = YES;
				GCC_WARN_64_TO_32_BIT_CONVERSION = YES;
				GCC_WARN_ABOUT_RETURN_TYPE = YES_ERROR;
				GCC_WARN_UNDECLARED_SELECTOR = YES;
				GCC_WARN_UNINITIALIZED_AUTOS = YES_AGGRESSIVE;
				GCC_WARN_UNUSED_FUNCTION = YES;
				GCC_WARN_UNUSED_VARIABLE = YES;
				MACOSX_DEPLOYMENT_TARGET = 11.0;
				MTL_ENABLE_DEBUG_INFO = NO;
				MTL_FAST_MATH = YES;
				SDKROOT = macosx;
				SWIFT_COMPILATION_MODE = wholemodule;
				SWIFT_OPTIMIZATION_LEVEL = "-O";
			};
			name = Release;
		};
		8413B29425B5AC76006E6F9F /* Debug */ = {
			isa = XCBuildConfiguration;
			buildSettings = {
				ASSETCATALOG_COMPILER_APPICON_NAME = AppIcon;
				ASSETCATALOG_COMPILER_GLOBAL_ACCENT_COLOR_NAME = AccentColor;
				CODE_SIGN_ENTITLEMENTS = Brief/Brief.entitlements;
				CODE_SIGN_IDENTITY = "-";
				CODE_SIGN_STYLE = Automatic;
				COMBINE_HIDPI_IMAGES = YES;
				DEVELOPMENT_ASSET_PATHS = "\"Brief/Preview Content\"";
				DEVELOPMENT_TEAM = CRMHYJ9F9F;
				ENABLE_HARDENED_RUNTIME = YES;
				ENABLE_PREVIEWS = YES;
				INFOPLIST_FILE = Brief/Info.plist;
				LD_RUNPATH_SEARCH_PATHS = (
					"$(inherited)",
					"@executable_path/../Frameworks",
				);
				MACOSX_DEPLOYMENT_TARGET = 11.0;
				MARKETING_VERSION = 0.0.9000;
				PRODUCT_BUNDLE_IDENTIFIER = com.joshuacook.Brief;
				PRODUCT_NAME = "$(TARGET_NAME)";
				SWIFT_VERSION = 5.0;
			};
			name = Debug;
		};
		8413B29525B5AC76006E6F9F /* Release */ = {
			isa = XCBuildConfiguration;
			buildSettings = {
				ASSETCATALOG_COMPILER_APPICON_NAME = AppIcon;
				ASSETCATALOG_COMPILER_GLOBAL_ACCENT_COLOR_NAME = AccentColor;
				CODE_SIGN_ENTITLEMENTS = Brief/Brief.entitlements;
				CODE_SIGN_IDENTITY = "-";
				CODE_SIGN_STYLE = Automatic;
				COMBINE_HIDPI_IMAGES = YES;
				DEVELOPMENT_ASSET_PATHS = "\"Brief/Preview Content\"";
				DEVELOPMENT_TEAM = CRMHYJ9F9F;
				ENABLE_HARDENED_RUNTIME = YES;
				ENABLE_PREVIEWS = YES;
				INFOPLIST_FILE = Brief/Info.plist;
				LD_RUNPATH_SEARCH_PATHS = (
					"$(inherited)",
					"@executable_path/../Frameworks",
				);
				MACOSX_DEPLOYMENT_TARGET = 11.0;
				MARKETING_VERSION = 0.0.9000;
				PRODUCT_BUNDLE_IDENTIFIER = com.joshuacook.Brief;
				PRODUCT_NAME = "$(TARGET_NAME)";
				SWIFT_VERSION = 5.0;
			};
			name = Release;
		};
		8413B29725B5AC76006E6F9F /* Debug */ = {
			isa = XCBuildConfiguration;
			buildSettings = {
				ALWAYS_EMBED_SWIFT_STANDARD_LIBRARIES = YES;
				BUNDLE_LOADER = "$(TEST_HOST)";
				CODE_SIGN_STYLE = Automatic;
				COMBINE_HIDPI_IMAGES = YES;
				DEVELOPMENT_TEAM = CRMHYJ9F9F;
				INFOPLIST_FILE = BriefTests/Info.plist;
				LD_RUNPATH_SEARCH_PATHS = (
					"$(inherited)",
					"@executable_path/../Frameworks",
					"@loader_path/../Frameworks",
				);
				MACOSX_DEPLOYMENT_TARGET = 11.0;
				PRODUCT_BUNDLE_IDENTIFIER = com.joshuacook.BriefTests;
				PRODUCT_NAME = "$(TARGET_NAME)";
				SWIFT_VERSION = 5.0;
				TEST_HOST = "$(BUILT_PRODUCTS_DIR)/Brief.app/Contents/MacOS/Brief";
			};
			name = Debug;
		};
		8413B29825B5AC76006E6F9F /* Release */ = {
			isa = XCBuildConfiguration;
			buildSettings = {
				ALWAYS_EMBED_SWIFT_STANDARD_LIBRARIES = YES;
				BUNDLE_LOADER = "$(TEST_HOST)";
				CODE_SIGN_STYLE = Automatic;
				COMBINE_HIDPI_IMAGES = YES;
				DEVELOPMENT_TEAM = CRMHYJ9F9F;
				INFOPLIST_FILE = BriefTests/Info.plist;
				LD_RUNPATH_SEARCH_PATHS = (
					"$(inherited)",
					"@executable_path/../Frameworks",
					"@loader_path/../Frameworks",
				);
				MACOSX_DEPLOYMENT_TARGET = 11.0;
				PRODUCT_BUNDLE_IDENTIFIER = com.joshuacook.BriefTests;
				PRODUCT_NAME = "$(TARGET_NAME)";
				SWIFT_VERSION = 5.0;
				TEST_HOST = "$(BUILT_PRODUCTS_DIR)/Brief.app/Contents/MacOS/Brief";
			};
			name = Release;
		};
		8413B29A25B5AC76006E6F9F /* Debug */ = {
			isa = XCBuildConfiguration;
			buildSettings = {
				ALWAYS_EMBED_SWIFT_STANDARD_LIBRARIES = YES;
				CODE_SIGN_STYLE = Automatic;
				COMBINE_HIDPI_IMAGES = YES;
				DEVELOPMENT_TEAM = CRMHYJ9F9F;
				INFOPLIST_FILE = BriefUITests/Info.plist;
				LD_RUNPATH_SEARCH_PATHS = (
					"$(inherited)",
					"@executable_path/../Frameworks",
					"@loader_path/../Frameworks",
				);
				PRODUCT_BUNDLE_IDENTIFIER = com.joshuacook.BriefUITests;
				PRODUCT_NAME = "$(TARGET_NAME)";
				SWIFT_VERSION = 5.0;
				TEST_TARGET_NAME = Brief;
			};
			name = Debug;
		};
		8413B29B25B5AC76006E6F9F /* Release */ = {
			isa = XCBuildConfiguration;
			buildSettings = {
				ALWAYS_EMBED_SWIFT_STANDARD_LIBRARIES = YES;
				CODE_SIGN_STYLE = Automatic;
				COMBINE_HIDPI_IMAGES = YES;
				DEVELOPMENT_TEAM = CRMHYJ9F9F;
				INFOPLIST_FILE = BriefUITests/Info.plist;
				LD_RUNPATH_SEARCH_PATHS = (
					"$(inherited)",
					"@executable_path/../Frameworks",
					"@loader_path/../Frameworks",
				);
				PRODUCT_BUNDLE_IDENTIFIER = com.joshuacook.BriefUITests;
				PRODUCT_NAME = "$(TARGET_NAME)";
				SWIFT_VERSION = 5.0;
				TEST_TARGET_NAME = Brief;
			};
			name = Release;
		};
/* End XCBuildConfiguration section */

/* Begin XCConfigurationList section */
		8413B26825B5AC71006E6F9F /* Build configuration list for PBXProject "Brief" */ = {
			isa = XCConfigurationList;
			buildConfigurations = (
				8413B29125B5AC76006E6F9F /* Debug */,
				8413B29225B5AC76006E6F9F /* Release */,
			);
			defaultConfigurationIsVisible = 0;
			defaultConfigurationName = Release;
		};
		8413B29325B5AC76006E6F9F /* Build configuration list for PBXNativeTarget "Brief" */ = {
			isa = XCConfigurationList;
			buildConfigurations = (
				8413B29425B5AC76006E6F9F /* Debug */,
				8413B29525B5AC76006E6F9F /* Release */,
			);
			defaultConfigurationIsVisible = 0;
			defaultConfigurationName = Release;
		};
		8413B29625B5AC76006E6F9F /* Build configuration list for PBXNativeTarget "BriefTests" */ = {
			isa = XCConfigurationList;
			buildConfigurations = (
				8413B29725B5AC76006E6F9F /* Debug */,
				8413B29825B5AC76006E6F9F /* Release */,
			);
			defaultConfigurationIsVisible = 0;
			defaultConfigurationName = Release;
		};
		8413B29925B5AC76006E6F9F /* Build configuration list for PBXNativeTarget "BriefUITests" */ = {
			isa = XCConfigurationList;
			buildConfigurations = (
				8413B29A25B5AC76006E6F9F /* Debug */,
				8413B29B25B5AC76006E6F9F /* Release */,
			);
			defaultConfigurationIsVisible = 0;
			defaultConfigurationName = Release;
		};
/* End XCConfigurationList section */

/* Begin XCRemoteSwiftPackageReference section */
		84FBC1AC25DBDD8D0076E14E /* XCRemoteSwiftPackageReference "TextRank" */ = {
			isa = XCRemoteSwiftPackageReference;
			repositoryURL = "https://github.com/jhrcook/TextRank.git";
			requirement = {
				branch = main;
				kind = branch;
			};
		};
/* End XCRemoteSwiftPackageReference section */

/* Begin XCSwiftPackageProductDependency section */
		84FBC1AD25DBDD8D0076E14E /* TextRank */ = {
			isa = XCSwiftPackageProductDependency;
			package = 84FBC1AC25DBDD8D0076E14E /* XCRemoteSwiftPackageReference "TextRank" */;
			productName = TextRank;
		};
/* End XCSwiftPackageProductDependency section */
	};
	rootObject = 8413B26525B5AC71006E6F9F /* Project object */;
}
